
Microsoft Visual Studio Solution File, Format Version 12.00
# Visual Studio 2012
Project("{2150E333-8FDC-42A3-9474-1A3956D46DE8}") = "tests", "tests", "{F275BB05-1976-4604-B1E4-318ACD3BAB89}"
EndProject
Project("{FAE04EC0-301F-11D3-BF4B-00C04F79EFBC}") = "DIMS.Core.Tests", "tests\DIMS.Core.Tests\DIMS.Core.Tests.csproj", "{86F3EEED-4E85-4201-8487-53937EA702E7}"
EndProject
Project("{FAE04EC0-301F-11D3-BF4B-00C04F79EFBC}") = "DIMS.Core", "src\DIMS.Core\DIMS.Core.csproj", "{0DD4A947-D47A-41F3-9E68-E3EDBB33C72C}"
EndProject
Project("{FAE04EC0-301F-11D3-BF4B-00C04F79EFBC}") = "DIMS.Data", "src\DIMS.Data\DIMS.Data.csproj", "{DD0E6733-C020-43E5-BD85-1CFEC9182C40}"
EndProject
Project("{FAE04EC0-301F-11D3-BF4B-00C04F79EFBC}") = "DIMS.UI", "src\DIMS.UI\DIMS.UI.csproj", "{91985A10-5F6A-4238-9062-129D2EECFD60}"
EndProject
Global
	GlobalSection(SolutionConfigurationPlatforms) = preSolution
		Debug|Any CPU = Debug|Any CPU
		Release|Any CPU = Release|Any CPU
	EndGlobalSection
	GlobalSection(ProjectConfigurationPlatforms) = postSolution
		{86F3EEED-4E85-4201-8487-53937EA702E7}.Debug|Any CPU.ActiveCfg = Debug|Any CPU
		{86F3EEED-4E85-4201-8487-53937EA702E7}.Debug|Any CPU.Build.0 = Debug|Any CPU
		{86F3EEED-4E85-4201-8487-53937EA702E7}.Release|Any CPU.ActiveCfg = Release|Any CPU
		{86F3EEED-4E85-4201-8487-53937EA702E7}.Release|Any CPU.Build.0 = Release|Any CPU
		{0DD4A947-D47A-41F3-9E68-E3EDBB33C72C}.Debug|Any CPU.ActiveCfg = Debug|Any CPU
		{0DD4A947-D47A-41F3-9E68-E3EDBB33C72C}.Debug|Any CPU.Build.0 = Debug|Any CPU
		{0DD4A947-D47A-41F3-9E68-E3EDBB33C72C}.Release|Any CPU.ActiveCfg = Release|Any CPU
		{0DD4A947-D47A-41F3-9E68-E3EDBB33C72C}.Release|Any CPU.Build.0 = Release|Any CPU
		{DD0E6733-C020-43E5-BD85-1CFEC9182C40}.Debug|Any CPU.ActiveCfg = Debug|Any CPU
		{DD0E6733-C020-43E5-BD85-1CFEC9182C40}.Debug|Any CPU.Build.0 = Debug|Any CPU
		{DD0E6733-C020-43E5-BD85-1CFEC9182C40}.Release|Any CPU.ActiveCfg = Release|Any CPU
		{DD0E6733-C020-43E5-BD85-1CFEC9182C40}.Release|Any CPU.Build.0 = Release|Any CPU
		{91985A10-5F6A-4238-9062-129D2EECFD60}.Debug|Any CPU.ActiveCfg = Debug|Any CPU
		{91985A10-5F6A-4238-9062-129D2EECFD60}.Debug|Any CPU.Build.0 = Debug|Any CPU
		{91985A10-5F6A-4238-9062-129D2EECFD60}.Release|Any CPU.ActiveCfg = Release|Any CPU
		{91985A10-5F6A-4238-9062-129D2EECFD60}.Release|Any CPU.Build.0 = Release|Any CPU
	EndGlobalSection
	GlobalSection(SolutionProperties) = preSolution
		HideSolutionNode = FALSE
	EndGlobalSection
	GlobalSection(NestedProjects) = preSolution
		{86F3EEED-4E85-4201-8487-53937EA702E7} = {F275BB05-1976-4604-B1E4-318ACD3BAB89}
	EndGlobalSection
EndGlobal
